
Microsoft Visual Studio Solution File, Format Version 12.00
# Visual Studio Version 17
VisualStudioVersion = 17.11.35208.52
MinimumVisualStudioVersion = 10.0.40219.1
Project("{9A19103F-16F7-4668-BE54-9A1E7A4F7556}") = "CloudHRMS", "CloudHRMS.csproj", "{A63EF5F8-8898-4069-841A-0496F58B8793}"
EndProject
Project("{9A19103F-16F7-4668-BE54-9A1E7A4F7556}") = "CloudHRMS.UnitTest", "..\CloudHRMS.UnitTest\CloudHRMS.UnitTest.csproj", "{54211AAC-0A99-475A-801B-A9D0E6AA1D73}"
EndProject
Project("{FAE04EC0-301F-11D3-BF4B-00C04F79EFBC}") = "CloudPOS", "..\CloudPOS\CloudPOS.csproj", "{7B28E90B-4341-4C29-A552-EADB9C0EA01C}"
EndProject
Global
	GlobalSection(SolutionConfigurationPlatforms) = preSolution
		Debug|Any CPU = Debug|Any CPU
		Release|Any CPU = Release|Any CPU
	EndGlobalSection
	GlobalSection(ProjectConfigurationPlatforms) = postSolution
		{A63EF5F8-8898-4069-841A-0496F58B8793}.Debug|Any CPU.ActiveCfg = Debug|Any CPU
		{A63EF5F8-8898-4069-841A-0496F58B8793}.Debug|Any CPU.Build.0 = Debug|Any CPU
		{A63EF5F8-8898-4069-841A-0496F58B8793}.Release|Any CPU.ActiveCfg = Release|Any CPU
		{A63EF5F8-8898-4069-841A-0496F58B8793}.Release|Any CPU.Build.0 = Release|Any CPU
		{54211AAC-0A99-475A-801B-A9D0E6AA1D73}.Debug|Any CPU.ActiveCfg = Debug|Any CPU
		{54211AAC-0A99-475A-801B-A9D0E6AA1D73}.Debug|Any CPU.Build.0 = Debug|Any CPU
		{54211AAC-0A99-475A-801B-A9D0E6AA1D73}.Release|Any CPU.ActiveCfg = Release|Any CPU
		{54211AAC-0A99-475A-801B-A9D0E6AA1D73}.Release|Any CPU.Build.0 = Release|Any CPU
		{7B28E90B-4341-4C29-A552-EADB9C0EA01C}.Debug|Any CPU.ActiveCfg = Debug|Any CPU
		{7B28E90B-4341-4C29-A552-EADB9C0EA01C}.Debug|Any CPU.Build.0 = Debug|Any CPU
		{7B28E90B-4341-4C29-A552-EADB9C0EA01C}.Release|Any CPU.ActiveCfg = Release|Any CPU
		{7B28E90B-4341-4C29-A552-EADB9C0EA01C}.Release|Any CPU.Build.0 = Release|Any CPU
	EndGlobalSection
	GlobalSection(SolutionProperties) = preSolution
		HideSolutionNode = FALSE
	EndGlobalSection
	GlobalSection(ExtensibilityGlobals) = postSolution
		SolutionGuid = {FA052141-8A57-4BE2-937E-4FD68BE3AB72}
	EndGlobalSection
EndGlobal
